
Microsoft Visual Studio Solution File, Format Version 12.00
# Visual Studio 14
VisualStudioVersion = 14.0.24720.0
MinimumVisualStudioVersion = 10.0.40219.1
Project("{FAE04EC0-301F-11D3-BF4B-00C04F79EFBC}") = "siteWVSCA", "siteWVSCA\siteWVSCA.csproj", "{B6F15F3A-4ACE-425E-A61B-2C4F9C36335D}"
EndProject
Global
	GlobalSection(SolutionConfigurationPlatforms) = preSolution
		Debug|Any CPU = Debug|Any CPU
		Release|Any CPU = Release|Any CPU
	EndGlobalSection
	GlobalSection(ProjectConfigurationPlatforms) = postSolution
		{B6F15F3A-4ACE-425E-A61B-2C4F9C36335D}.Debug|Any CPU.ActiveCfg = Debug|Any CPU
		{B6F15F3A-4ACE-425E-A61B-2C4F9C36335D}.Debug|Any CPU.Build.0 = Debug|Any CPU
		{B6F15F3A-4ACE-425E-A61B-2C4F9C36335D}.Release|Any CPU.ActiveCfg = Release|Any CPU
		{B6F15F3A-4ACE-425E-A61B-2C4F9C36335D}.Release|Any CPU.Build.0 = Release|Any CPU
	EndGlobalSection
	GlobalSection(SolutionProperties) = preSolution
		HideSolutionNode = FALSE
	EndGlobalSection
EndGlobal
